
Microsoft Visual Studio Solution File, Format Version 12.00
# Visual Studio Version 17
VisualStudioVersion = 17.7.34302.85
MinimumVisualStudioVersion = 10.0.40219.1
Project("{9A19103F-16F7-4668-BE54-9A1E7A4F7556}") = "01.Songs", "01.Songs\01.Songs.csproj", "{5B584DCE-0FC6-4003-A339-E92A2AA35F93}"
EndProject
Project("{9A19103F-16F7-4668-BE54-9A1E7A4F7556}") = "02.Students", "02.Students\02.Students.csproj", "{D3FF5957-D6EF-48CA-A793-C9C924D5D832}"
EndProject
Project("{FAE04EC0-301F-11D3-BF4B-00C04F79EFBC}") = "03.StoreBoxes", "03.StoreBoxes\03.StoreBoxes.csproj", "{82AC6BF3-EFF8-4290-8FE4-F363D0AF42B4}"
EndProject
Project("{FAE04EC0-301F-11D3-BF4B-00C04F79EFBC}") = "04.VehicleCatalogue", "04.VehicleCatalogue\04.VehicleCatalogue.csproj", "{A6A036C9-6D4B-4B87-9B18-B4F762C1BCE3}"
EndProject
Global
	GlobalSection(SolutionConfigurationPlatforms) = preSolution
		Debug|Any CPU = Debug|Any CPU
		Release|Any CPU = Release|Any CPU
	EndGlobalSection
	GlobalSection(ProjectConfigurationPlatforms) = postSolution
		{5B584DCE-0FC6-4003-A339-E92A2AA35F93}.Debug|Any CPU.ActiveCfg = Debug|Any CPU
		{5B584DCE-0FC6-4003-A339-E92A2AA35F93}.Debug|Any CPU.Build.0 = Debug|Any CPU
		{5B584DCE-0FC6-4003-A339-E92A2AA35F93}.Release|Any CPU.ActiveCfg = Release|Any CPU
		{5B584DCE-0FC6-4003-A339-E92A2AA35F93}.Release|Any CPU.Build.0 = Release|Any CPU
		{D3FF5957-D6EF-48CA-A793-C9C924D5D832}.Debug|Any CPU.ActiveCfg = Debug|Any CPU
		{D3FF5957-D6EF-48CA-A793-C9C924D5D832}.Debug|Any CPU.Build.0 = Debug|Any CPU
		{D3FF5957-D6EF-48CA-A793-C9C924D5D832}.Release|Any CPU.ActiveCfg = Release|Any CPU
		{D3FF5957-D6EF-48CA-A793-C9C924D5D832}.Release|Any CPU.Build.0 = Release|Any CPU
		{82AC6BF3-EFF8-4290-8FE4-F363D0AF42B4}.Debug|Any CPU.ActiveCfg = Debug|Any CPU
		{82AC6BF3-EFF8-4290-8FE4-F363D0AF42B4}.Debug|Any CPU.Build.0 = Debug|Any CPU
		{82AC6BF3-EFF8-4290-8FE4-F363D0AF42B4}.Release|Any CPU.ActiveCfg = Release|Any CPU
		{82AC6BF3-EFF8-4290-8FE4-F363D0AF42B4}.Release|Any CPU.Build.0 = Release|Any CPU
		{A6A036C9-6D4B-4B87-9B18-B4F762C1BCE3}.Debug|Any CPU.ActiveCfg = Debug|Any CPU
		{A6A036C9-6D4B-4B87-9B18-B4F762C1BCE3}.Debug|Any CPU.Build.0 = Debug|Any CPU
		{A6A036C9-6D4B-4B87-9B18-B4F762C1BCE3}.Release|Any CPU.ActiveCfg = Release|Any CPU
		{A6A036C9-6D4B-4B87-9B18-B4F762C1BCE3}.Release|Any CPU.Build.0 = Release|Any CPU
	EndGlobalSection
	GlobalSection(SolutionProperties) = preSolution
		HideSolutionNode = FALSE
	EndGlobalSection
	GlobalSection(ExtensibilityGlobals) = postSolution
		SolutionGuid = {995C9E85-787D-4191-885C-F6470A676A79}
	EndGlobalSection
EndGlobal
