
Microsoft Visual Studio Solution File, Format Version 12.00
# Visual Studio Version 17
VisualStudioVersion = 17.7.34221.43
MinimumVisualStudioVersion = 10.0.40219.1
Project("{FAE04EC0-301F-11D3-BF4B-00C04F79EFBC}") = "1.ReverseStrings", "1.ReverseStrings\1.ReverseStrings.csproj", "{0FFDE1F8-66A2-4EE7-B68A-5E9347EDDB4F}"
EndProject
Project("{FAE04EC0-301F-11D3-BF4B-00C04F79EFBC}") = "2.RepeatStrings", "2.RepeatStrings\2.RepeatStrings.csproj", "{C95E0B05-C4F8-40CB-B9FE-A47DF53F811F}"
EndProject
Project("{FAE04EC0-301F-11D3-BF4B-00C04F79EFBC}") = "3.Substring", "03.Substring\3.Substring.csproj", "{07DFE3DC-2C15-4F09-8D99-D8C8C818ABB7}"
EndProject
Project("{FAE04EC0-301F-11D3-BF4B-00C04F79EFBC}") = "4.Text Filter", "4.Text Filter\4.Text Filter.csproj", "{BF4873BE-5373-4DF1-95E5-B14A2F8DA67C}"
EndProject
Project("{FAE04EC0-301F-11D3-BF4B-00C04F79EFBC}") = "5.DigitsLettersAndOther", "5.DigitsLettersAndOther\5.DigitsLettersAndOther.csproj", "{B2F99DE6-60DB-400B-ABEF-D7CCEAE7CAE2}"
EndProject
Global
	GlobalSection(SolutionConfigurationPlatforms) = preSolution
		Debug|Any CPU = Debug|Any CPU
		Release|Any CPU = Release|Any CPU
	EndGlobalSection
	GlobalSection(ProjectConfigurationPlatforms) = postSolution
		{0FFDE1F8-66A2-4EE7-B68A-5E9347EDDB4F}.Debug|Any CPU.ActiveCfg = Debug|Any CPU
		{0FFDE1F8-66A2-4EE7-B68A-5E9347EDDB4F}.Debug|Any CPU.Build.0 = Debug|Any CPU
		{0FFDE1F8-66A2-4EE7-B68A-5E9347EDDB4F}.Release|Any CPU.ActiveCfg = Release|Any CPU
		{0FFDE1F8-66A2-4EE7-B68A-5E9347EDDB4F}.Release|Any CPU.Build.0 = Release|Any CPU
		{C95E0B05-C4F8-40CB-B9FE-A47DF53F811F}.Debug|Any CPU.ActiveCfg = Debug|Any CPU
		{C95E0B05-C4F8-40CB-B9FE-A47DF53F811F}.Debug|Any CPU.Build.0 = Debug|Any CPU
		{C95E0B05-C4F8-40CB-B9FE-A47DF53F811F}.Release|Any CPU.ActiveCfg = Release|Any CPU
		{C95E0B05-C4F8-40CB-B9FE-A47DF53F811F}.Release|Any CPU.Build.0 = Release|Any CPU
		{07DFE3DC-2C15-4F09-8D99-D8C8C818ABB7}.Debug|Any CPU.ActiveCfg = Debug|Any CPU
		{07DFE3DC-2C15-4F09-8D99-D8C8C818ABB7}.Debug|Any CPU.Build.0 = Debug|Any CPU
		{07DFE3DC-2C15-4F09-8D99-D8C8C818ABB7}.Release|Any CPU.ActiveCfg = Release|Any CPU
		{07DFE3DC-2C15-4F09-8D99-D8C8C818ABB7}.Release|Any CPU.Build.0 = Release|Any CPU
		{BF4873BE-5373-4DF1-95E5-B14A2F8DA67C}.Debug|Any CPU.ActiveCfg = Debug|Any CPU
		{BF4873BE-5373-4DF1-95E5-B14A2F8DA67C}.Debug|Any CPU.Build.0 = Debug|Any CPU
		{BF4873BE-5373-4DF1-95E5-B14A2F8DA67C}.Release|Any CPU.ActiveCfg = Release|Any CPU
		{BF4873BE-5373-4DF1-95E5-B14A2F8DA67C}.Release|Any CPU.Build.0 = Release|Any CPU
		{B2F99DE6-60DB-400B-ABEF-D7CCEAE7CAE2}.Debug|Any CPU.ActiveCfg = Debug|Any CPU
		{B2F99DE6-60DB-400B-ABEF-D7CCEAE7CAE2}.Debug|Any CPU.Build.0 = Debug|Any CPU
		{B2F99DE6-60DB-400B-ABEF-D7CCEAE7CAE2}.Release|Any CPU.ActiveCfg = Release|Any CPU
		{B2F99DE6-60DB-400B-ABEF-D7CCEAE7CAE2}.Release|Any CPU.Build.0 = Release|Any CPU
	EndGlobalSection
	GlobalSection(SolutionProperties) = preSolution
		HideSolutionNode = FALSE
	EndGlobalSection
	GlobalSection(ExtensibilityGlobals) = postSolution
		SolutionGuid = {63D4C933-5A21-4972-99CE-6FF9F190EFBE}
	EndGlobalSection
EndGlobal
